
Microsoft Visual Studio Solution File, Format Version 12.00
# Visual Studio Version 16
VisualStudioVersion = 16.0.31019.35
MinimumVisualStudioVersion = 10.0.40219.1
Project("{FAE04EC0-301F-11D3-BF4B-00C04F79EFBC}") = "Guia 6 Ejercicio 1", "Guia 6 Ejercicio 1\Guia 6 Ejercicio 1.csproj", "{F300750D-DDF8-4C89-AAC9-66C505B076F1}"
EndProject
Global
	GlobalSection(SolutionConfigurationPlatforms) = preSolution
		Debug|Any CPU = Debug|Any CPU
		Release|Any CPU = Release|Any CPU
	EndGlobalSection
	GlobalSection(ProjectConfigurationPlatforms) = postSolution
		{F300750D-DDF8-4C89-AAC9-66C505B076F1}.Debug|Any CPU.ActiveCfg = Debug|Any CPU
		{F300750D-DDF8-4C89-AAC9-66C505B076F1}.Debug|Any CPU.Build.0 = Debug|Any CPU
		{F300750D-DDF8-4C89-AAC9-66C505B076F1}.Release|Any CPU.ActiveCfg = Release|Any CPU
		{F300750D-DDF8-4C89-AAC9-66C505B076F1}.Release|Any CPU.Build.0 = Release|Any CPU
	EndGlobalSection
	GlobalSection(SolutionProperties) = preSolution
		HideSolutionNode = FALSE
	EndGlobalSection
	GlobalSection(ExtensibilityGlobals) = postSolution
		SolutionGuid = {35A49884-E54F-4C73-A6CF-B986294EB05C}
	EndGlobalSection
EndGlobal
